
Microsoft Visual Studio Solution File, Format Version 12.00
# Visual Studio Version 17
VisualStudioVersion = 17.4.33213.308
MinimumVisualStudioVersion = 10.0.40219.1
Project("{FAE04EC0-301F-11D3-BF4B-00C04F79EFBC}") = "senac-alg2-web02-exemplo02-funcaoRecursivaContar", "senac-alg2-web02-exemplo02-funcaoRecursivaContar\senac-alg2-web02-exemplo02-funcaoRecursivaContar.csproj", "{FA86A755-D9DA-47B2-B162-5B92746269F9}"
EndProject
Global
	GlobalSection(SolutionConfigurationPlatforms) = preSolution
		Debug|Any CPU = Debug|Any CPU
		Release|Any CPU = Release|Any CPU
	EndGlobalSection
	GlobalSection(ProjectConfigurationPlatforms) = postSolution
		{FA86A755-D9DA-47B2-B162-5B92746269F9}.Debug|Any CPU.ActiveCfg = Debug|Any CPU
		{FA86A755-D9DA-47B2-B162-5B92746269F9}.Debug|Any CPU.Build.0 = Debug|Any CPU
		{FA86A755-D9DA-47B2-B162-5B92746269F9}.Release|Any CPU.ActiveCfg = Release|Any CPU
		{FA86A755-D9DA-47B2-B162-5B92746269F9}.Release|Any CPU.Build.0 = Release|Any CPU
	EndGlobalSection
	GlobalSection(SolutionProperties) = preSolution
		HideSolutionNode = FALSE
	EndGlobalSection
	GlobalSection(ExtensibilityGlobals) = postSolution
		SolutionGuid = {57C4E678-61C9-4C82-81CD-320B4D61D2A0}
	EndGlobalSection
EndGlobal
