
Microsoft Visual Studio Solution File, Format Version 12.00
# Visual Studio Version 17
VisualStudioVersion = 17.4.33213.308
MinimumVisualStudioVersion = 10.0.40219.1
Project("{FAE04EC0-301F-11D3-BF4B-00C04F79EFBC}") = "senac-alg2-web05-exemplo01-classe", "senac-alg2-web05-exemplo01-classe\senac-alg2-web05-exemplo01-classe.csproj", "{874ED9B6-E3C5-41D0-8BBF-0E676400AFA2}"
EndProject
Global
	GlobalSection(SolutionConfigurationPlatforms) = preSolution
		Debug|Any CPU = Debug|Any CPU
		Release|Any CPU = Release|Any CPU
	EndGlobalSection
	GlobalSection(ProjectConfigurationPlatforms) = postSolution
		{874ED9B6-E3C5-41D0-8BBF-0E676400AFA2}.Debug|Any CPU.ActiveCfg = Debug|Any CPU
		{874ED9B6-E3C5-41D0-8BBF-0E676400AFA2}.Debug|Any CPU.Build.0 = Debug|Any CPU
		{874ED9B6-E3C5-41D0-8BBF-0E676400AFA2}.Release|Any CPU.ActiveCfg = Release|Any CPU
		{874ED9B6-E3C5-41D0-8BBF-0E676400AFA2}.Release|Any CPU.Build.0 = Release|Any CPU
	EndGlobalSection
	GlobalSection(SolutionProperties) = preSolution
		HideSolutionNode = FALSE
	EndGlobalSection
	GlobalSection(ExtensibilityGlobals) = postSolution
		SolutionGuid = {682C3E9E-03DD-4465-9FE3-5DDD56C1B7BF}
	EndGlobalSection
EndGlobal
