
Microsoft Visual Studio Solution File, Format Version 12.00
# Visual Studio Version 17
VisualStudioVersion = 17.4.33213.308
MinimumVisualStudioVersion = 10.0.40219.1
Project("{FAE04EC0-301F-11D3-BF4B-00C04F79EFBC}") = "senac-alg2-web02-exemplo03-fatorialRecursivo", "senac-alg2-web02-exemplo03-fatorialRecursivo\senac-alg2-web02-exemplo03-fatorialRecursivo.csproj", "{3D9861FB-8063-489B-8A0F-1C925A042C67}"
EndProject
Global
	GlobalSection(SolutionConfigurationPlatforms) = preSolution
		Debug|Any CPU = Debug|Any CPU
		Release|Any CPU = Release|Any CPU
	EndGlobalSection
	GlobalSection(ProjectConfigurationPlatforms) = postSolution
		{3D9861FB-8063-489B-8A0F-1C925A042C67}.Debug|Any CPU.ActiveCfg = Debug|Any CPU
		{3D9861FB-8063-489B-8A0F-1C925A042C67}.Debug|Any CPU.Build.0 = Debug|Any CPU
		{3D9861FB-8063-489B-8A0F-1C925A042C67}.Release|Any CPU.ActiveCfg = Release|Any CPU
		{3D9861FB-8063-489B-8A0F-1C925A042C67}.Release|Any CPU.Build.0 = Release|Any CPU
	EndGlobalSection
	GlobalSection(SolutionProperties) = preSolution
		HideSolutionNode = FALSE
	EndGlobalSection
	GlobalSection(ExtensibilityGlobals) = postSolution
		SolutionGuid = {D6068F91-E07D-4051-A281-79EBB52834BC}
	EndGlobalSection
EndGlobal
