
Microsoft Visual Studio Solution File, Format Version 12.00
# Visual Studio Version 17
VisualStudioVersion = 17.4.33213.308
MinimumVisualStudioVersion = 10.0.40219.1
Project("{FAE04EC0-301F-11D3-BF4B-00C04F79EFBC}") = "senac-alg2-web04-exemplo02-insertionSort", "senac-alg2-web04-exemplo02-insertionSort\senac-alg2-web04-exemplo02-insertionSort.csproj", "{BCD3DDB9-6711-4899-9A07-5D124A5D73E0}"
EndProject
Global
	GlobalSection(SolutionConfigurationPlatforms) = preSolution
		Debug|Any CPU = Debug|Any CPU
		Release|Any CPU = Release|Any CPU
	EndGlobalSection
	GlobalSection(ProjectConfigurationPlatforms) = postSolution
		{BCD3DDB9-6711-4899-9A07-5D124A5D73E0}.Debug|Any CPU.ActiveCfg = Debug|Any CPU
		{BCD3DDB9-6711-4899-9A07-5D124A5D73E0}.Debug|Any CPU.Build.0 = Debug|Any CPU
		{BCD3DDB9-6711-4899-9A07-5D124A5D73E0}.Release|Any CPU.ActiveCfg = Release|Any CPU
		{BCD3DDB9-6711-4899-9A07-5D124A5D73E0}.Release|Any CPU.Build.0 = Release|Any CPU
	EndGlobalSection
	GlobalSection(SolutionProperties) = preSolution
		HideSolutionNode = FALSE
	EndGlobalSection
	GlobalSection(ExtensibilityGlobals) = postSolution
		SolutionGuid = {C37C0D83-3B58-4294-B820-6298A7012F5B}
	EndGlobalSection
EndGlobal
